
Microsoft Visual Studio Solution File, Format Version 9.00
# Visual Studio 2005
Project("{F184B08F-C81C-45F6-A57F-5ABD9991F28F}") = "TebakKata", "TebakKata.vbproj", "{C407DBCB-7ABC-44E6-9CDD-BA9461259EAE}"
EndProject
Global
	GlobalSection(SolutionConfigurationPlatforms) = preSolution
		Debug|Any CPU = Debug|Any CPU
		Release|Any CPU = Release|Any CPU
	EndGlobalSection
	GlobalSection(ProjectConfigurationPlatforms) = postSolution
		{C407DBCB-7ABC-44E6-9CDD-BA9461259EAE}.Debug|Any CPU.ActiveCfg = Debug|Any CPU
		{C407DBCB-7ABC-44E6-9CDD-BA9461259EAE}.Debug|Any CPU.Build.0 = Debug|Any CPU
		{C407DBCB-7ABC-44E6-9CDD-BA9461259EAE}.Release|Any CPU.ActiveCfg = Release|Any CPU
		{C407DBCB-7ABC-44E6-9CDD-BA9461259EAE}.Release|Any CPU.Build.0 = Release|Any CPU
	EndGlobalSection
	GlobalSection(SolutionProperties) = preSolution
		HideSolutionNode = FALSE
	EndGlobalSection
EndGlobal
